summary: flock(1) locks files
webpage: https://github.com/discoteq/flock
version: 0.4.0
bin-url: https://github.com/leleliu008/uppm-package-repository-macos-11.0-x86_64/releases/download/2024.06.01/flock-0.4.0-macos-11.0-x86_64.tar.xz
bin-sha: 06cd4f00a618334831392126084fb1856d69596d608589e807c7b60b5f9740e6
